
Microsoft Visual Studio Solution File, Format Version 12.00
# Visual Studio Version 17
VisualStudioVersion = 17.5.2.0
MinimumVisualStudioVersion = 10.0.40219.1
Project("{2150E333-8FDC-42A3-9474-1A3956D46DE8}") = "Docs", "Docs", "{A547A9D3-62EF-48AA-83B8-53D64D4898CA}"
	ProjectSection(SolutionItems) = preProject
		..\README.md = ..\README.md
	EndProjectSection
EndProject
Project("{2150E333-8FDC-42A3-9474-1A3956D46DE8}") = "samples", "samples", "{68ABBC8A-F5CB-42B2-996D-26936513E91D}"
EndProject
Project("{FAE04EC0-301F-11D3-BF4B-00C04F79EFBC}") = "MySite", "MySite.csproj", "{7C09DCAC-FF32-42CA-8207-AB065F4EECE0}"
EndProject
Project("{FAE04EC0-301F-11D3-BF4B-00C04F79EFBC}") = "Statiq.Plugins", "..\src\Statiq.Plugins\Statiq.Plugins.csproj", "{92F07B22-3F49-40F5-819B-3872DB602D96}"
EndProject
Global
	GlobalSection(SolutionConfigurationPlatforms) = preSolution
		Debug|Any CPU = Debug|Any CPU
		Release|Any CPU = Release|Any CPU
	EndGlobalSection
	GlobalSection(ProjectConfigurationPlatforms) = postSolution
		{7C09DCAC-FF32-42CA-8207-AB065F4EECE0}.Debug|Any CPU.ActiveCfg = Debug|Any CPU
		{7C09DCAC-FF32-42CA-8207-AB065F4EECE0}.Debug|Any CPU.Build.0 = Debug|Any CPU
		{7C09DCAC-FF32-42CA-8207-AB065F4EECE0}.Release|Any CPU.ActiveCfg = Release|Any CPU
		{7C09DCAC-FF32-42CA-8207-AB065F4EECE0}.Release|Any CPU.Build.0 = Release|Any CPU
		{92F07B22-3F49-40F5-819B-3872DB602D96}.Debug|Any CPU.ActiveCfg = Debug|Any CPU
		{92F07B22-3F49-40F5-819B-3872DB602D96}.Debug|Any CPU.Build.0 = Debug|Any CPU
		{92F07B22-3F49-40F5-819B-3872DB602D96}.Release|Any CPU.ActiveCfg = Release|Any CPU
		{92F07B22-3F49-40F5-819B-3872DB602D96}.Release|Any CPU.Build.0 = Release|Any CPU
	EndGlobalSection
	GlobalSection(SolutionProperties) = preSolution
		HideSolutionNode = FALSE
	EndGlobalSection
	GlobalSection(NestedProjects) = preSolution
		{7C09DCAC-FF32-42CA-8207-AB065F4EECE0} = {68ABBC8A-F5CB-42B2-996D-26936513E91D}
	EndGlobalSection
	GlobalSection(ExtensibilityGlobals) = postSolution
		SolutionGuid = {39E02A24-04A0-4ED0-9DA2-D4C9133A573F}
	EndGlobalSection
EndGlobal
